
Microsoft Visual Studio Solution File, Format Version 12.00
Project("{FAE04EC0-301F-11D3-BF4B-00C04F79EFBC}") = "Viasoft.Qualidade.RNC.Gateway.Host", "Viasoft.Qualidade.RNC.Gateway.Host\Viasoft.Qualidade.RNC.Gateway.Host.csproj", "{6BED54BA-D9C7-46BA-AB96-D460B5353EBD}"
EndProject
Project("{FAE04EC0-301F-11D3-BF4B-00C04F79EFBC}") = "Viasoft.Qualidade.RNC.Gateway.Domain", "Viasoft.Qualidade.RNC.Gateway.Domain\Viasoft.Qualidade.RNC.Gateway.Domain.csproj", "{B93967CB-DE63-42D0-AA0E-AC89B45CF3F1}"
EndProject
Project("{FAE04EC0-301F-11D3-BF4B-00C04F79EFBC}") = "Viasoft.Qualidade.RNC.Gateway.Infrastructure", "Viasoft.Qualidade.RNC.Gateway.Infrastructure\Viasoft.Qualidade.RNC.Gateway.Infrastructure.csproj", "{229D7163-5D66-413A-9A94-B9A9608E5AC3}"
EndProject
Project("{FAE04EC0-301F-11D3-BF4B-00C04F79EFBC}") = "Viasoft.Qualidade.RNC.Gateway.UnitTest", "Viasoft.Qualidade.RNC.Gateway.UnitTest\Viasoft.Qualidade.RNC.Gateway.UnitTest.csproj", "{4E3C2A03-B205-4623-9252-593801CCF704}"
EndProject
Global
	GlobalSection(SolutionConfigurationPlatforms) = preSolution
		Debug|Any CPU = Debug|Any CPU
		Release|Any CPU = Release|Any CPU
	EndGlobalSection
	GlobalSection(ProjectConfigurationPlatforms) = postSolution
		{6BED54BA-D9C7-46BA-AB96-D460B5353EBD}.Debug|Any CPU.ActiveCfg = Debug|Any CPU
		{6BED54BA-D9C7-46BA-AB96-D460B5353EBD}.Debug|Any CPU.Build.0 = Debug|Any CPU
		{6BED54BA-D9C7-46BA-AB96-D460B5353EBD}.Release|Any CPU.ActiveCfg = Release|Any CPU
		{6BED54BA-D9C7-46BA-AB96-D460B5353EBD}.Release|Any CPU.Build.0 = Release|Any CPU
		{B93967CB-DE63-42D0-AA0E-AC89B45CF3F1}.Debug|Any CPU.ActiveCfg = Debug|Any CPU
		{B93967CB-DE63-42D0-AA0E-AC89B45CF3F1}.Debug|Any CPU.Build.0 = Debug|Any CPU
		{B93967CB-DE63-42D0-AA0E-AC89B45CF3F1}.Release|Any CPU.ActiveCfg = Release|Any CPU
		{B93967CB-DE63-42D0-AA0E-AC89B45CF3F1}.Release|Any CPU.Build.0 = Release|Any CPU
		{229D7163-5D66-413A-9A94-B9A9608E5AC3}.Debug|Any CPU.ActiveCfg = Debug|Any CPU
		{229D7163-5D66-413A-9A94-B9A9608E5AC3}.Debug|Any CPU.Build.0 = Debug|Any CPU
		{229D7163-5D66-413A-9A94-B9A9608E5AC3}.Release|Any CPU.ActiveCfg = Release|Any CPU
		{229D7163-5D66-413A-9A94-B9A9608E5AC3}.Release|Any CPU.Build.0 = Release|Any CPU
		{4E3C2A03-B205-4623-9252-593801CCF704}.Debug|Any CPU.ActiveCfg = Debug|Any CPU
		{4E3C2A03-B205-4623-9252-593801CCF704}.Debug|Any CPU.Build.0 = Debug|Any CPU
		{4E3C2A03-B205-4623-9252-593801CCF704}.Release|Any CPU.ActiveCfg = Release|Any CPU
		{4E3C2A03-B205-4623-9252-593801CCF704}.Release|Any CPU.Build.0 = Release|Any CPU
	EndGlobalSection
EndGlobal
